
Microsoft Visual Studio Solution File, Format Version 12.00
# Visual Studio 2012
Project("{FAE04EC0-301F-11D3-BF4B-00C04F79EFBC}") = "DispatcherLibrary", "DispatcherLibrary\DispatcherLibrary.csproj", "{8E86B49C-1E31-405F-933D-BF67F392CF0B}"
EndProject
Project("{2150E333-8FDC-42A3-9474-1A3956D46DE8}") = ".nuget", ".nuget", "{1B1485FD-E9F0-4DF3-A5C3-81BF937A1AED}"
	ProjectSection(SolutionItems) = preProject
		.nuget\packages.config = .nuget\packages.config
	EndProjectSection
EndProject
Project("{FAE04EC0-301F-11D3-BF4B-00C04F79EFBC}") = "DispatcherConsumer", "DispatcherConsumer\DispatcherConsumer.csproj", "{CEBB76BE-FD73-488D-96DA-64B85826254F}"
EndProject
Project("{FAE04EC0-301F-11D3-BF4B-00C04F79EFBC}") = "DispatcherCreator", "DispatcherCreator\DispatcherCreator.csproj", "{E9F7F43A-26F1-43BF-9A63-C7E633CD4A05}"
EndProject
Project("{FAE04EC0-301F-11D3-BF4B-00C04F79EFBC}") = "DispatcherMonitor", "DispatcherMonitor\DispatcherMonitor.csproj", "{700A7177-3EA2-450C-9855-8772767ECF2B}"
EndProject
Global
	GlobalSection(SolutionConfigurationPlatforms) = preSolution
		Debug|Any CPU = Debug|Any CPU
		Release|Any CPU = Release|Any CPU
	EndGlobalSection
	GlobalSection(ProjectConfigurationPlatforms) = postSolution
		{8E86B49C-1E31-405F-933D-BF67F392CF0B}.Debug|Any CPU.ActiveCfg = Debug|Any CPU
		{8E86B49C-1E31-405F-933D-BF67F392CF0B}.Debug|Any CPU.Build.0 = Debug|Any CPU
		{8E86B49C-1E31-405F-933D-BF67F392CF0B}.Release|Any CPU.ActiveCfg = Release|Any CPU
		{8E86B49C-1E31-405F-933D-BF67F392CF0B}.Release|Any CPU.Build.0 = Release|Any CPU
		{CEBB76BE-FD73-488D-96DA-64B85826254F}.Debug|Any CPU.ActiveCfg = Debug|Any CPU
		{CEBB76BE-FD73-488D-96DA-64B85826254F}.Debug|Any CPU.Build.0 = Debug|Any CPU
		{CEBB76BE-FD73-488D-96DA-64B85826254F}.Release|Any CPU.ActiveCfg = Release|Any CPU
		{CEBB76BE-FD73-488D-96DA-64B85826254F}.Release|Any CPU.Build.0 = Release|Any CPU
		{E9F7F43A-26F1-43BF-9A63-C7E633CD4A05}.Debug|Any CPU.ActiveCfg = Debug|Any CPU
		{E9F7F43A-26F1-43BF-9A63-C7E633CD4A05}.Debug|Any CPU.Build.0 = Debug|Any CPU
		{E9F7F43A-26F1-43BF-9A63-C7E633CD4A05}.Release|Any CPU.ActiveCfg = Release|Any CPU
		{E9F7F43A-26F1-43BF-9A63-C7E633CD4A05}.Release|Any CPU.Build.0 = Release|Any CPU
		{700A7177-3EA2-450C-9855-8772767ECF2B}.Debug|Any CPU.ActiveCfg = Debug|Any CPU
		{700A7177-3EA2-450C-9855-8772767ECF2B}.Debug|Any CPU.Build.0 = Debug|Any CPU
		{700A7177-3EA2-450C-9855-8772767ECF2B}.Release|Any CPU.ActiveCfg = Release|Any CPU
		{700A7177-3EA2-450C-9855-8772767ECF2B}.Release|Any CPU.Build.0 = Release|Any CPU
	EndGlobalSection
	GlobalSection(SolutionProperties) = preSolution
		HideSolutionNode = FALSE
	EndGlobalSection
EndGlobal
